<?xml version="1.0" encoding="utf-8"?>
<Project ToolsVersion="4.0" xmlns="http://schemas.microsoft.com/developer/msbuild/2003">
  <ItemGroup>
    <Filter Include="소스 파일">
      <UniqueIdentifier>{4FC737F1-C7A5-4376-A066-2A32D752A2FF}</UniqueIdentifier>
      <Extensions>cpp;c;cc;cxx;c++;cppm;ixx;def;odl;idl;hpj;bat;asm;asmx</Extensions>
    </Filter>
    <Filter Include="헤더 파일">
      <UniqueIdentifier>{93995380-89BD-4b04-88EB-625FBE52EBFB}</UniqueIdentifier>
      <Extensions>h;hh;hpp;hxx;h++;hm;inl;inc;ipp;xsd</Extensions>
    </Filter>
    <Filter Include="리소스 파일">
      <UniqueIdentifier>{67DA6AB6-F800-4c08-8B7A-83BB121AAD01}</UniqueIdentifier>
      <Extensions>rc;ico;cur;bmp;dlg;rc2;rct;bin;rgs;gif;jpg;jpeg;jpe;resx;tiff;tif;png;wav;mfcribbon-ms</Extensions>
    </Filter>
    <Filter Include="헤더 파일\HomeWork">
      <UniqueIdentifier>{bf8d0591-33db-483b-928c-f91c75752ca8}</UniqueIdentifier>
    </Filter>
    <Filter Include="헤더 파일\CH2">
      <UniqueIdentifier>{eb29d4e5-f426-4ae7-8ccd-049656764549}</UniqueIdentifier>
    </Filter>
  </ItemGroup>
  <ItemGroup>
    <ClCompile Include="test1.h">
      <Filter>헤더 파일</Filter>
    </ClCompile>
    <ClCompile Include="test1.cpp">
      <Filter>소스 파일</Filter>
    </ClCompile>
    <ClCompile Include="HomeWork_Main.cpp">
      <Filter>소스 파일</Filter>
    </ClCompile>
    <ClCompile Include="HomeWork_diamond.cpp">
      <Filter>소스 파일</Filter>
    </ClCompile>
    <ClCompile Include="HomeWork_Fraction.cpp">
      <Filter>소스 파일</Filter>
    </ClCompile>
    <ClCompile Include="HomeWork_Pointer_2.h">
      <Filter>헤더 파일\HomeWork</Filter>
    </ClCompile>
    <ClCompile Include="HomeWork_STL.h">
      <Filter>헤더 파일\HomeWork</Filter>
    </ClCompile>
    <ClCompile Include="HomeWork_Virtual.h">
      <Filter>헤더 파일\HomeWork</Filter>
    </ClCompile>
    <ClCompile Include="CH_2_Main.cpp">
      <Filter>소스 파일</Filter>
    </ClCompile>
    <ClCompile Include="CH_2_1_3.cpp">
      <Filter>소스 파일</Filter>
    </ClCompile>
  </ItemGroup>
  <ItemGroup>
    <ClInclude Include="HomeWork_Bettery.h">
      <Filter>헤더 파일\HomeWork</Filter>
    </ClInclude>
    <ClInclude Include="HomeWork_diamond.h">
      <Filter>헤더 파일\HomeWork</Filter>
    </ClInclude>
    <ClInclude Include="HomeWork_Fraction.h">
      <Filter>헤더 파일\HomeWork</Filter>
    </ClInclude>
    <ClInclude Include="HomeWork_Pointer.h">
      <Filter>헤더 파일\HomeWork</Filter>
    </ClInclude>
    <ClInclude Include="CH_2_1_1.h">
      <Filter>헤더 파일\CH2</Filter>
    </ClInclude>
    <ClInclude Include="CH_2_1_2.h">
      <Filter>헤더 파일\CH2</Filter>
    </ClInclude>
    <ClInclude Include="CH_2_1_3.h">
      <Filter>헤더 파일\CH2</Filter>
    </ClInclude>
    <ClInclude Include="Observer.h">
      <Filter>헤더 파일\HomeWork</Filter>
    </ClInclude>
  </ItemGroup>
  <ItemGroup>
    <None Include="HomeWork_overload.h">
      <Filter>헤더 파일\HomeWork</Filter>
    </None>
  </ItemGroup>
</Project>